
Microsoft Visual Studio Solution File, Format Version 12.00
# Visual Studio Version 17
VisualStudioVersion = 17.7.34031.279
MinimumVisualStudioVersion = 10.0.40219.1
Project("{FAE04EC0-301F-11D3-BF4B-00C04F79EFBC}") = "Protivity.Assignment.CustomerApi", "Protivity.Assignment.Customer\Protivity.Assignment.CustomerApi.csproj", "{6C3D67B5-2D4D-4A15-922C-4DF295AF17E1}"
EndProject
Project("{FAE04EC0-301F-11D3-BF4B-00C04F79EFBC}") = "Protivity.Assignment.CustomerApi.BusinessLogic", "Protivity.Assignment.Customer.BusinessLogic\Protivity.Assignment.CustomerApi.BusinessLogic.csproj", "{A0B75BE8-C3F4-401F-B44E-2382A79AFC08}"
EndProject
Project("{FAE04EC0-301F-11D3-BF4B-00C04F79EFBC}") = "Protivity.Assignment.CustomerApi.Common", "Protivity.Assignment.Customer.Common\Protivity.Assignment.CustomerApi.Common.csproj", "{89CC1A1E-CA6D-48D0-B30C-49931836996C}"
EndProject
Project("{FAE04EC0-301F-11D3-BF4B-00C04F79EFBC}") = "Protivity.Assignment.CustomerApi.Repository", "Protivity.Assignment.Customer.Repository\Protivity.Assignment.CustomerApi.Repository.csproj", "{0C6CFA2B-6DBE-4AD7-8168-1C7EF869496E}"
EndProject
Project("{FAE04EC0-301F-11D3-BF4B-00C04F79EFBC}") = "Protivity.Assignment.CustomerApi.Test", "Protivity.Assignment.CustomerApi.Test\Protivity.Assignment.CustomerApi.Test.csproj", "{F700292B-7327-4680-AF1F-CBC840D0BBC3}"
EndProject
Global
	GlobalSection(SolutionConfigurationPlatforms) = preSolution
		Debug|Any CPU = Debug|Any CPU
		Release|Any CPU = Release|Any CPU
	EndGlobalSection
	GlobalSection(ProjectConfigurationPlatforms) = postSolution
		{6C3D67B5-2D4D-4A15-922C-4DF295AF17E1}.Debug|Any CPU.ActiveCfg = Debug|Any CPU
		{6C3D67B5-2D4D-4A15-922C-4DF295AF17E1}.Debug|Any CPU.Build.0 = Debug|Any CPU
		{6C3D67B5-2D4D-4A15-922C-4DF295AF17E1}.Release|Any CPU.ActiveCfg = Release|Any CPU
		{6C3D67B5-2D4D-4A15-922C-4DF295AF17E1}.Release|Any CPU.Build.0 = Release|Any CPU
		{A0B75BE8-C3F4-401F-B44E-2382A79AFC08}.Debug|Any CPU.ActiveCfg = Debug|Any CPU
		{A0B75BE8-C3F4-401F-B44E-2382A79AFC08}.Debug|Any CPU.Build.0 = Debug|Any CPU
		{A0B75BE8-C3F4-401F-B44E-2382A79AFC08}.Release|Any CPU.ActiveCfg = Release|Any CPU
		{A0B75BE8-C3F4-401F-B44E-2382A79AFC08}.Release|Any CPU.Build.0 = Release|Any CPU
		{89CC1A1E-CA6D-48D0-B30C-49931836996C}.Debug|Any CPU.ActiveCfg = Debug|Any CPU
		{89CC1A1E-CA6D-48D0-B30C-49931836996C}.Debug|Any CPU.Build.0 = Debug|Any CPU
		{89CC1A1E-CA6D-48D0-B30C-49931836996C}.Release|Any CPU.ActiveCfg = Release|Any CPU
		{89CC1A1E-CA6D-48D0-B30C-49931836996C}.Release|Any CPU.Build.0 = Release|Any CPU
		{0C6CFA2B-6DBE-4AD7-8168-1C7EF869496E}.Debug|Any CPU.ActiveCfg = Debug|Any CPU
		{0C6CFA2B-6DBE-4AD7-8168-1C7EF869496E}.Debug|Any CPU.Build.0 = Debug|Any CPU
		{0C6CFA2B-6DBE-4AD7-8168-1C7EF869496E}.Release|Any CPU.ActiveCfg = Release|Any CPU
		{0C6CFA2B-6DBE-4AD7-8168-1C7EF869496E}.Release|Any CPU.Build.0 = Release|Any CPU
		{F700292B-7327-4680-AF1F-CBC840D0BBC3}.Debug|Any CPU.ActiveCfg = Debug|Any CPU
		{F700292B-7327-4680-AF1F-CBC840D0BBC3}.Debug|Any CPU.Build.0 = Debug|Any CPU
		{F700292B-7327-4680-AF1F-CBC840D0BBC3}.Release|Any CPU.ActiveCfg = Release|Any CPU
		{F700292B-7327-4680-AF1F-CBC840D0BBC3}.Release|Any CPU.Build.0 = Release|Any CPU
	EndGlobalSection
	GlobalSection(SolutionProperties) = preSolution
		HideSolutionNode = FALSE
	EndGlobalSection
	GlobalSection(ExtensibilityGlobals) = postSolution
		SolutionGuid = {2436BBDE-0705-4168-9077-CDA59832C759}
	EndGlobalSection
EndGlobal
